
Microsoft Visual Studio Solution File, Format Version 12.00
# Visual Studio 15
VisualStudioVersion = 15.0.26730.15
MinimumVisualStudioVersion = 10.0.40219.1
Project("{8BC9CEB8-8B4A-11D0-8D11-00A0C91BC942}") = "FrameWork", "FrameWork\FrameWork.vcxproj", "{9F81AB80-BC7E-4657-AC0A-FD9E96316CE2}"
EndProject
Project("{8BC9CEB8-8B4A-11D0-8D11-00A0C91BC942}") = "GameExample", "GameExample\GameExample.vcxproj", "{2D095BCF-6C6C-4F8A-B764-D87445DCE716}"
EndProject
Global
	GlobalSection(SolutionConfigurationPlatforms) = preSolution
		Debug|x64 = Debug|x64
		Debug|x86 = Debug|x86
		Release|x64 = Release|x64
		Release|x86 = Release|x86
	EndGlobalSection
	GlobalSection(ProjectConfigurationPlatforms) = postSolution
		{9F81AB80-BC7E-4657-AC0A-FD9E96316CE2}.Debug|x64.ActiveCfg = Debug|x64
		{9F81AB80-BC7E-4657-AC0A-FD9E96316CE2}.Debug|x64.Build.0 = Debug|x64
		{9F81AB80-BC7E-4657-AC0A-FD9E96316CE2}.Debug|x86.ActiveCfg = Debug|Win32
		{9F81AB80-BC7E-4657-AC0A-FD9E96316CE2}.Debug|x86.Build.0 = Debug|Win32
		{9F81AB80-BC7E-4657-AC0A-FD9E96316CE2}.Release|x64.ActiveCfg = Release|x64
		{9F81AB80-BC7E-4657-AC0A-FD9E96316CE2}.Release|x64.Build.0 = Release|x64
		{9F81AB80-BC7E-4657-AC0A-FD9E96316CE2}.Release|x86.ActiveCfg = Release|Win32
		{9F81AB80-BC7E-4657-AC0A-FD9E96316CE2}.Release|x86.Build.0 = Release|Win32
		{2D095BCF-6C6C-4F8A-B764-D87445DCE716}.Debug|x64.ActiveCfg = Debug|x64
		{2D095BCF-6C6C-4F8A-B764-D87445DCE716}.Debug|x64.Build.0 = Debug|x64
		{2D095BCF-6C6C-4F8A-B764-D87445DCE716}.Debug|x86.ActiveCfg = Debug|Win32
		{2D095BCF-6C6C-4F8A-B764-D87445DCE716}.Debug|x86.Build.0 = Debug|Win32
		{2D095BCF-6C6C-4F8A-B764-D87445DCE716}.Release|x64.ActiveCfg = Release|x64
		{2D095BCF-6C6C-4F8A-B764-D87445DCE716}.Release|x64.Build.0 = Release|x64
		{2D095BCF-6C6C-4F8A-B764-D87445DCE716}.Release|x86.ActiveCfg = Release|Win32
		{2D095BCF-6C6C-4F8A-B764-D87445DCE716}.Release|x86.Build.0 = Release|Win32
	EndGlobalSection
	GlobalSection(SolutionProperties) = preSolution
		HideSolutionNode = FALSE
	EndGlobalSection
	GlobalSection(ExtensibilityGlobals) = postSolution
		SolutionGuid = {FF4FC06A-7DF4-4DA9-83C5-5E2BB6661A96}
	EndGlobalSection
EndGlobal
